
Microsoft Visual Studio Solution File, Format Version 12.00
# Visual Studio Version 17
VisualStudioVersion = 17.3.32929.385
MinimumVisualStudioVersion = 10.0.40219.1
Project("{FAE04EC0-301F-11D3-BF4B-00C04F79EFBC}") = "InterfacePOO", "InterfacePOO\InterfacePOO.csproj", "{5930F50A-9CB7-4D71-950B-CA8404635316}"
EndProject
Global
	GlobalSection(SolutionConfigurationPlatforms) = preSolution
		Debug|Any CPU = Debug|Any CPU
		Release|Any CPU = Release|Any CPU
	EndGlobalSection
	GlobalSection(ProjectConfigurationPlatforms) = postSolution
		{5930F50A-9CB7-4D71-950B-CA8404635316}.Debug|Any CPU.ActiveCfg = Debug|Any CPU
		{5930F50A-9CB7-4D71-950B-CA8404635316}.Debug|Any CPU.Build.0 = Debug|Any CPU
		{5930F50A-9CB7-4D71-950B-CA8404635316}.Release|Any CPU.ActiveCfg = Release|Any CPU
		{5930F50A-9CB7-4D71-950B-CA8404635316}.Release|Any CPU.Build.0 = Release|Any CPU
	EndGlobalSection
	GlobalSection(SolutionProperties) = preSolution
		HideSolutionNode = FALSE
	EndGlobalSection
	GlobalSection(ExtensibilityGlobals) = postSolution
		SolutionGuid = {F0641E7C-4F6C-4407-8BC4-615380259DE9}
	EndGlobalSection
EndGlobal
